// !$*UTF8*$!
{
	archiveVersion = 1;
	classes = {
	};
	objectVersion = 77;
	objects = {

/* Begin PBXBuildFile section */
		100000000000000000000101 /* PocketChefAIApp.swift in Sources */ = {isa = PBXBuildFile; fileRef = 100000000000000000000001 /* PocketChefAIApp.swift */; };
		100000000000000000000102 /* ContentView.swift in Sources */ = {isa = PBXBuildFile; fileRef = 100000000000000000000002 /* ContentView.swift */; };
		100000000000000000000103 /* CameraPreview.swift in Sources */ = {isa = PBXBuildFile; fileRef = 100000000000000000000003 /* CameraPreview.swift */; };
		100000000000000000000104 /* DetectionOverlay.swift in Sources */ = {isa = PBXBuildFile; fileRef = 100000000000000000000004 /* DetectionOverlay.swift */; };
		100000000000000000000105 /* MetricsPanel.swift in Sources */ = {isa = PBXBuildFile; fileRef = 100000000000000000000005 /* MetricsPanel.swift */; };
		100000000000000000000106 /* ResultSheet.swift in Sources */ = {isa = PBXBuildFile; fileRef = 100000000000000000000006 /* ResultSheet.swift */; };
		100000000000000000000107 /* OptimizationMode.swift in Sources */ = {isa = PBXBuildFile; fileRef = 100000000000000000000007 /* OptimizationMode.swift */; };
		100000000000000000000108 /* Detection.swift in Sources */ = {isa = PBXBuildFile; fileRef = 100000000000000000000008 /* Detection.swift */; };
		100000000000000000000109 /* MetricsTracker.swift in Sources */ = {isa = PBXBuildFile; fileRef = 100000000000000000000009 /* MetricsTracker.swift */; };
		10000000000000000000010A /* FoodDetector.swift in Sources */ = {isa = PBXBuildFile; fileRef = 10000000000000000000000A /* FoodDetector.swift */; };
		10000000000000000000010B /* CameraViewModel.swift in Sources */ = {isa = PBXBuildFile; fileRef = 10000000000000000000000B /* CameraViewModel.swift */; };
		10000000000000000000010E /* PocketChefPlanner.swift in Sources */ = {isa = PBXBuildFile; fileRef = 100000000000000000000010 /* PocketChefPlanner.swift */; };
		100000000000000000000110 /* yolo_food_s_seg_fp32.mlmodelc in Resources */ = {isa = PBXBuildFile; fileRef = 100000000000000000000012 /* yolo_food_s_seg_fp32.mlmodelc */; };
		100000000000000000000116 /* OllamaClient.swift in Sources */ = {isa = PBXBuildFile; fileRef = 100000000000000000000018 /* OllamaClient.swift */; };
		100000000000000000000119 /* MemoryProfiler.swift in Sources */ = {isa = PBXBuildFile; fileRef = 100000000000000000000019 /* MemoryProfiler.swift */; };
		10000000000000000000011A /* MaskPostprocessRuntime.swift in Sources */ = {isa = PBXBuildFile; fileRef = 10000000000000000000001A /* MaskPostprocessRuntime.swift */; };
		10000000000000000000011B /* PortfolioTypes.swift in Sources */ = {isa = PBXBuildFile; fileRef = 10000000000000000000001B /* PortfolioTypes.swift */; };
		10000000000000000000011C /* PortfolioDeviceDomain.swift in Sources */ = {isa = PBXBuildFile; fileRef = 10000000000000000000001C /* PortfolioDeviceDomain.swift */; };
		10000000000000000000011D /* PortfolioCompilerDomain.swift in Sources */ = {isa = PBXBuildFile; fileRef = 10000000000000000000001D /* PortfolioCompilerDomain.swift */; };
		10000000000000000000011E /* PortfolioRuntimeDomain.swift in Sources */ = {isa = PBXBuildFile; fileRef = 10000000000000000000001E /* PortfolioRuntimeDomain.swift */; };
		10000000000000000000011F /* PortfolioValidationDomain.swift in Sources */ = {isa = PBXBuildFile; fileRef = 10000000000000000000001F /* PortfolioValidationDomain.swift */; };
		100000000000000000000120 /* PortfolioCoordinator.swift in Sources */ = {isa = PBXBuildFile; fileRef = 100000000000000000000020 /* PortfolioCoordinator.swift */; };
		100000000000000000000121 /* PortfolioProviderError.swift in Sources */ = {isa = PBXBuildFile; fileRef = 100000000000000000000021 /* PortfolioProviderError.swift */; };
		100000000000000000000122 /* PortfolioProviders.swift in Sources */ = {isa = PBXBuildFile; fileRef = 100000000000000000000022 /* PortfolioProviders.swift */; };
		100000000000000000000123 /* TargetDeviceProfileProvider.swift in Sources */ = {isa = PBXBuildFile; fileRef = 100000000000000000000023 /* TargetDeviceProfileProvider.swift */; };
		100000000000000000000124 /* CompilerArtifactProvider.swift in Sources */ = {isa = PBXBuildFile; fileRef = 100000000000000000000024 /* CompilerArtifactProvider.swift */; };
		100000000000000000000125 /* RuntimeArtifactProvider.swift in Sources */ = {isa = PBXBuildFile; fileRef = 100000000000000000000025 /* RuntimeArtifactProvider.swift */; };
		100000000000000000000126 /* ValidationArtifactProvider.swift in Sources */ = {isa = PBXBuildFile; fileRef = 100000000000000000000026 /* ValidationArtifactProvider.swift */; };
		100000000000000000000127 /* RuntimeProfileTraceSummary.swift in Sources */ = {isa = PBXBuildFile; fileRef = 100000000000000000000027 /* RuntimeProfileTraceSummary.swift */; };
		100000000000000000000128 /* RuntimeProfileTraceProvider.swift in Sources */ = {isa = PBXBuildFile; fileRef = 100000000000000000000028 /* RuntimeProfileTraceProvider.swift */; };
		100000000000000000000129 /* RuntimeTracePlaybackDomain.swift in Sources */ = {isa = PBXBuildFile; fileRef = 100000000000000000000029 /* RuntimeTracePlaybackDomain.swift */; };
		10000000000000000000012A /* serving_execution_plan_iphone.json in Resources */ = {isa = PBXBuildFile; fileRef = 10000000000000000000002A /* serving_execution_plan_iphone.json */; };
		10000000000000000000012B /* runtime_profile_trace.json in Resources */ = {isa = PBXBuildFile; fileRef = 10000000000000000000002B /* runtime_profile_trace.json */; };
/* End PBXBuildFile section */

/* Begin PBXFileReference section */
		100000000000000000000001 /* PocketChefAIApp.swift */ = {isa = PBXFileReference; lastKnownFileType = sourcecode.swift; path = PocketChefAIApp.swift; sourceTree = "<group>"; };
		100000000000000000000002 /* ContentView.swift */ = {isa = PBXFileReference; lastKnownFileType = sourcecode.swift; path = ContentView.swift; sourceTree = "<group>"; };
		100000000000000000000003 /* CameraPreview.swift */ = {isa = PBXFileReference; lastKnownFileType = sourcecode.swift; path = CameraPreview.swift; sourceTree = "<group>"; };
		100000000000000000000004 /* DetectionOverlay.swift */ = {isa = PBXFileReference; lastKnownFileType = sourcecode.swift; path = DetectionOverlay.swift; sourceTree = "<group>"; };
		100000000000000000000005 /* MetricsPanel.swift */ = {isa = PBXFileReference; lastKnownFileType = sourcecode.swift; path = MetricsPanel.swift; sourceTree = "<group>"; };
		100000000000000000000006 /* ResultSheet.swift */ = {isa = PBXFileReference; lastKnownFileType = sourcecode.swift; path = ResultSheet.swift; sourceTree = "<group>"; };
		100000000000000000000007 /* OptimizationMode.swift */ = {isa = PBXFileReference; lastKnownFileType = sourcecode.swift; path = OptimizationMode.swift; sourceTree = "<group>"; };
		100000000000000000000008 /* Detection.swift */ = {isa = PBXFileReference; lastKnownFileType = sourcecode.swift; path = Detection.swift; sourceTree = "<group>"; };
		100000000000000000000009 /* MetricsTracker.swift */ = {isa = PBXFileReference; lastKnownFileType = sourcecode.swift; path = MetricsTracker.swift; sourceTree = "<group>"; };
		10000000000000000000000A /* FoodDetector.swift */ = {isa = PBXFileReference; lastKnownFileType = sourcecode.swift; path = FoodDetector.swift; sourceTree = "<group>"; };
		10000000000000000000000B /* CameraViewModel.swift */ = {isa = PBXFileReference; lastKnownFileType = sourcecode.swift; path = CameraViewModel.swift; sourceTree = "<group>"; };
		10000000000000000000000C /* Info.plist */ = {isa = PBXFileReference; lastKnownFileType = text.plist.xml; path = Info.plist; sourceTree = "<group>"; };
		10000000000000000000000D /* PocketChefAI.app */ = {isa = PBXFileReference; explicitFileType = wrapper.application; includeInIndex = 0; path = PocketChefAI.app; sourceTree = BUILT_PRODUCTS_DIR; };
		100000000000000000000010 /* PocketChefPlanner.swift */ = {isa = PBXFileReference; lastKnownFileType = sourcecode.swift; path = PocketChefPlanner.swift; sourceTree = "<group>"; };
		100000000000000000000012 /* yolo_food_s_seg_fp32.mlmodelc */ = {isa = PBXFileReference; lastKnownFileType = wrapper.mlmodelc; name = yolo_food_s_seg_fp32.mlmodelc; path = ../../models/yolo_food_s_seg_fp32.mlmodelc; sourceTree = "<group>"; };
		100000000000000000000018 /* OllamaClient.swift */ = {isa = PBXFileReference; lastKnownFileType = sourcecode.swift; path = OllamaClient.swift; sourceTree = "<group>"; };
		100000000000000000000019 /* MemoryProfiler.swift */ = {isa = PBXFileReference; lastKnownFileType = sourcecode.swift; path = MemoryProfiler.swift; sourceTree = "<group>"; };
		10000000000000000000001A /* MaskPostprocessRuntime.swift */ = {isa = PBXFileReference; lastKnownFileType = sourcecode.swift; path = MaskPostprocessRuntime.swift; sourceTree = "<group>"; };
		10000000000000000000001B /* PortfolioTypes.swift */ = {isa = PBXFileReference; lastKnownFileType = sourcecode.swift; path = PortfolioTypes.swift; sourceTree = "<group>"; };
		10000000000000000000001C /* PortfolioDeviceDomain.swift */ = {isa = PBXFileReference; lastKnownFileType = sourcecode.swift; path = PortfolioDeviceDomain.swift; sourceTree = "<group>"; };
		10000000000000000000001D /* PortfolioCompilerDomain.swift */ = {isa = PBXFileReference; lastKnownFileType = sourcecode.swift; path = PortfolioCompilerDomain.swift; sourceTree = "<group>"; };
		10000000000000000000001E /* PortfolioRuntimeDomain.swift */ = {isa = PBXFileReference; lastKnownFileType = sourcecode.swift; path = PortfolioRuntimeDomain.swift; sourceTree = "<group>"; };
		10000000000000000000001F /* PortfolioValidationDomain.swift */ = {isa = PBXFileReference; lastKnownFileType = sourcecode.swift; path = PortfolioValidationDomain.swift; sourceTree = "<group>"; };
		100000000000000000000020 /* PortfolioCoordinator.swift */ = {isa = PBXFileReference; lastKnownFileType = sourcecode.swift; path = PortfolioCoordinator.swift; sourceTree = "<group>"; };
		100000000000000000000021 /* PortfolioProviderError.swift */ = {isa = PBXFileReference; lastKnownFileType = sourcecode.swift; path = PortfolioProviderError.swift; sourceTree = "<group>"; };
		100000000000000000000022 /* PortfolioProviders.swift */ = {isa = PBXFileReference; lastKnownFileType = sourcecode.swift; path = PortfolioProviders.swift; sourceTree = "<group>"; };
		100000000000000000000023 /* TargetDeviceProfileProvider.swift */ = {isa = PBXFileReference; lastKnownFileType = sourcecode.swift; path = TargetDeviceProfileProvider.swift; sourceTree = "<group>"; };
		100000000000000000000024 /* CompilerArtifactProvider.swift */ = {isa = PBXFileReference; lastKnownFileType = sourcecode.swift; path = CompilerArtifactProvider.swift; sourceTree = "<group>"; };
		100000000000000000000025 /* RuntimeArtifactProvider.swift */ = {isa = PBXFileReference; lastKnownFileType = sourcecode.swift; path = RuntimeArtifactProvider.swift; sourceTree = "<group>"; };
		100000000000000000000026 /* ValidationArtifactProvider.swift */ = {isa = PBXFileReference; lastKnownFileType = sourcecode.swift; path = ValidationArtifactProvider.swift; sourceTree = "<group>"; };
		100000000000000000000027 /* RuntimeProfileTraceSummary.swift */ = {isa = PBXFileReference; lastKnownFileType = sourcecode.swift; path = RuntimeProfileTraceSummary.swift; sourceTree = "<group>"; };
		100000000000000000000028 /* RuntimeProfileTraceProvider.swift */ = {isa = PBXFileReference; lastKnownFileType = sourcecode.swift; path = RuntimeProfileTraceProvider.swift; sourceTree = "<group>"; };
		100000000000000000000029 /* RuntimeTracePlaybackDomain.swift */ = {isa = PBXFileReference; lastKnownFileType = sourcecode.swift; path = RuntimeTracePlaybackDomain.swift; sourceTree = "<group>"; };
		10000000000000000000002A /* serving_execution_plan_iphone.json */ = {isa = PBXFileReference; lastKnownFileType = text.json; path = serving_execution_plan_iphone.json; sourceTree = "<group>"; };
		10000000000000000000002B /* runtime_profile_trace.json */ = {isa = PBXFileReference; lastKnownFileType = text.json; path = runtime_profile_trace.json; sourceTree = "<group>"; };
/* End PBXFileReference section */

/* Begin PBXFrameworksBuildPhase section */
		100000000000000000000201 /* Frameworks */ = {
			isa = PBXFrameworksBuildPhase;
			buildActionMask = 2147483647;
			files = (
			);
			runOnlyForDeploymentPostprocessing = 0;
		};
/* End PBXFrameworksBuildPhase section */

/* Begin PBXGroup section */
		100000000000000000000301 = {
			isa = PBXGroup;
			children = (
				100000000000000000000302 /* PocketChefAI */,
				100000000000000000000012 /* yolo_food_s_seg_fp32.mlmodelc */,
				100000000000000000000303 /* Products */,
			);
			sourceTree = "<group>";
		};
		100000000000000000000302 /* PocketChefAI */ = {
			isa = PBXGroup;
			children = (
				100000000000000000000001 /* PocketChefAIApp.swift */,
				100000000000000000000002 /* ContentView.swift */,
				100000000000000000000003 /* CameraPreview.swift */,
				100000000000000000000004 /* DetectionOverlay.swift */,
				100000000000000000000005 /* MetricsPanel.swift */,
				100000000000000000000006 /* ResultSheet.swift */,
				100000000000000000000007 /* OptimizationMode.swift */,
				100000000000000000000008 /* Detection.swift */,
				100000000000000000000009 /* MetricsTracker.swift */,
				10000000000000000000000A /* FoodDetector.swift */,
				10000000000000000000000B /* CameraViewModel.swift */,
				100000000000000000000010 /* PocketChefPlanner.swift */,
				100000000000000000000018 /* OllamaClient.swift */,
				100000000000000000000019 /* MemoryProfiler.swift */,
				10000000000000000000001A /* MaskPostprocessRuntime.swift */,
				10000000000000000000001B /* PortfolioTypes.swift */,
				10000000000000000000001C /* PortfolioDeviceDomain.swift */,
				10000000000000000000001D /* PortfolioCompilerDomain.swift */,
				10000000000000000000001E /* PortfolioRuntimeDomain.swift */,
				10000000000000000000001F /* PortfolioValidationDomain.swift */,
				100000000000000000000020 /* PortfolioCoordinator.swift */,
				100000000000000000000021 /* PortfolioProviderError.swift */,
				100000000000000000000022 /* PortfolioProviders.swift */,
				100000000000000000000023 /* TargetDeviceProfileProvider.swift */,
				100000000000000000000024 /* CompilerArtifactProvider.swift */,
				100000000000000000000025 /* RuntimeArtifactProvider.swift */,
				100000000000000000000026 /* ValidationArtifactProvider.swift */,
				100000000000000000000027 /* RuntimeProfileTraceSummary.swift */,
				100000000000000000000028 /* RuntimeProfileTraceProvider.swift */,
				100000000000000000000029 /* RuntimeTracePlaybackDomain.swift */,
				10000000000000000000002C /* Resources */,
				10000000000000000000000C /* Info.plist */,
			);
			path = PocketChefAI;
			sourceTree = "<group>";
		};
		10000000000000000000002C /* Resources */ = {
			isa = PBXGroup;
			children = (
				10000000000000000000002A /* serving_execution_plan_iphone.json */,
				10000000000000000000002B /* runtime_profile_trace.json */,
			);
			path = Resources;
			sourceTree = "<group>";
		};
		100000000000000000000303 /* Products */ = {
			isa = PBXGroup;
			children = (
				10000000000000000000000D /* PocketChefAI.app */,
			);
			name = Products;
			sourceTree = "<group>";
		};
/* End PBXGroup section */

/* Begin PBXNativeTarget section */
		100000000000000000000401 /* PocketChefAI */ = {
			isa = PBXNativeTarget;
			buildConfigurationList = 100000000000000000000701 /* Build configuration list for PBXNativeTarget "PocketChefAI" */;
			buildPhases = (
				100000000000000000000501 /* Sources */,
				100000000000000000000201 /* Frameworks */,
				100000000000000000000502 /* Resources */,
			);
			buildRules = (
			);
			dependencies = (
			);
			name = PocketChefAI;
			productName = PocketChefAI;
			productReference = 10000000000000000000000D /* PocketChefAI.app */;
			productType = "com.apple.product-type.application";
		};
/* End PBXNativeTarget section */

/* Begin PBXProject section */
		100000000000000000000601 /* Project object */ = {
			isa = PBXProject;
			attributes = {
				BuildIndependentTargetsInParallel = 1;
				LastSwiftUpdateCheck = 2650;
				LastUpgradeCheck = 2650;
				TargetAttributes = {
					100000000000000000000401 = {
						CreatedOnToolsVersion = 26.5;
					};
				};
			};
			buildConfigurationList = 100000000000000000000700 /* Build configuration list for PBXProject "PocketChefAI" */;
			developmentRegion = en;
			hasScannedForEncodings = 0;
			knownRegions = (
				en,
				Base,
			);
			mainGroup = 100000000000000000000301;
			minimizedProjectReferenceProxies = 1;
			preferredProjectObjectVersion = 77;
			productRefGroup = 100000000000000000000303 /* Products */;
			projectDirPath = "";
			projectRoot = "";
			targets = (
				100000000000000000000401 /* PocketChefAI */,
			);
		};
/* End PBXProject section */

/* Begin PBXResourcesBuildPhase section */
		100000000000000000000502 /* Resources */ = {
			isa = PBXResourcesBuildPhase;
			buildActionMask = 2147483647;
			files = (
				100000000000000000000110 /* yolo_food_s_seg_fp32.mlmodelc in Resources */,
				10000000000000000000012A /* serving_execution_plan_iphone.json in Resources */,
				10000000000000000000012B /* runtime_profile_trace.json in Resources */,
			);
			runOnlyForDeploymentPostprocessing = 0;
		};
/* End PBXResourcesBuildPhase section */

/* Begin PBXSourcesBuildPhase section */
		100000000000000000000501 /* Sources */ = {
			isa = PBXSourcesBuildPhase;
			buildActionMask = 2147483647;
			files = (
				100000000000000000000101 /* PocketChefAIApp.swift in Sources */,
				100000000000000000000102 /* ContentView.swift in Sources */,
				100000000000000000000103 /* CameraPreview.swift in Sources */,
				100000000000000000000104 /* DetectionOverlay.swift in Sources */,
				100000000000000000000105 /* MetricsPanel.swift in Sources */,
				100000000000000000000106 /* ResultSheet.swift in Sources */,
				100000000000000000000107 /* OptimizationMode.swift in Sources */,
				100000000000000000000108 /* Detection.swift in Sources */,
				100000000000000000000109 /* MetricsTracker.swift in Sources */,
				10000000000000000000010A /* FoodDetector.swift in Sources */,
				10000000000000000000010B /* CameraViewModel.swift in Sources */,
				10000000000000000000010E /* PocketChefPlanner.swift in Sources */,
				100000000000000000000116 /* OllamaClient.swift in Sources */,
				100000000000000000000119 /* MemoryProfiler.swift in Sources */,
				10000000000000000000011A /* MaskPostprocessRuntime.swift in Sources */,
				10000000000000000000011B /* PortfolioTypes.swift in Sources */,
				10000000000000000000011C /* PortfolioDeviceDomain.swift in Sources */,
				10000000000000000000011D /* PortfolioCompilerDomain.swift in Sources */,
				10000000000000000000011E /* PortfolioRuntimeDomain.swift in Sources */,
				10000000000000000000011F /* PortfolioValidationDomain.swift in Sources */,
				100000000000000000000120 /* PortfolioCoordinator.swift in Sources */,
				100000000000000000000121 /* PortfolioProviderError.swift in Sources */,
				100000000000000000000122 /* PortfolioProviders.swift in Sources */,
				100000000000000000000123 /* TargetDeviceProfileProvider.swift in Sources */,
				100000000000000000000124 /* CompilerArtifactProvider.swift in Sources */,
				100000000000000000000125 /* RuntimeArtifactProvider.swift in Sources */,
				100000000000000000000126 /* ValidationArtifactProvider.swift in Sources */,
				100000000000000000000127 /* RuntimeProfileTraceSummary.swift in Sources */,
				100000000000000000000128 /* RuntimeProfileTraceProvider.swift in Sources */,
				100000000000000000000129 /* RuntimeTracePlaybackDomain.swift in Sources */,
			);
			runOnlyForDeploymentPostprocessing = 0;
		};
/* End PBXSourcesBuildPhase section */

/* Begin XCBuildConfiguration section */
		100000000000000000000801 /* Debug */ = {
			isa = XCBuildConfiguration;
			buildSettings = {
				ALWAYS_SEARCH_USER_PATHS = NO;
				CLANG_ENABLE_MODULES = YES;
				COPY_PHASE_STRIP = NO;
				DEBUG_INFORMATION_FORMAT = dwarf;
				ENABLE_STRICT_OBJC_MSGSEND = YES;
				ENABLE_TESTABILITY = YES;
				GCC_DYNAMIC_NO_PIC = NO;
				GCC_NO_COMMON_BLOCKS = YES;
				GCC_OPTIMIZATION_LEVEL = 0;
				GCC_PREPROCESSOR_DEFINITIONS = (
					"DEBUG=1",
					"$(inherited)",
				);
				IPHONEOS_DEPLOYMENT_TARGET = 17.0;
				SDKROOT = iphoneos;
				SUPPORTED_PLATFORMS = "iphoneos iphonesimulator";
				SWIFT_ACTIVE_COMPILATION_CONDITIONS = DEBUG;
				SWIFT_OPTIMIZATION_LEVEL = "-Onone";
			};
			name = Debug;
		};
		100000000000000000000802 /* Release */ = {
			isa = XCBuildConfiguration;
			buildSettings = {
				ALWAYS_SEARCH_USER_PATHS = NO;
				CLANG_ENABLE_MODULES = YES;
				COPY_PHASE_STRIP = NO;
				DEBUG_INFORMATION_FORMAT = "dwarf-with-dsym";
				ENABLE_NS_ASSERTIONS = NO;
				ENABLE_STRICT_OBJC_MSGSEND = YES;
				GCC_NO_COMMON_BLOCKS = YES;
				IPHONEOS_DEPLOYMENT_TARGET = 17.0;
				SDKROOT = iphoneos;
				SUPPORTED_PLATFORMS = "iphoneos iphonesimulator";
				SWIFT_COMPILATION_MODE = wholemodule;
				SWIFT_OPTIMIZATION_LEVEL = "-O";
			};
			name = Release;
		};
		100000000000000000000803 /* Debug */ = {
			isa = XCBuildConfiguration;
			buildSettings = {
				ASSETCATALOG_COMPILER_APPICON_NAME = AppIcon;
				CODE_SIGN_STYLE = Automatic;
				CURRENT_PROJECT_VERSION = 1;
				DEVELOPMENT_ASSET_PATHS = "";
				DEVELOPMENT_TEAM = XLZ7JKVTL5;
				GENERATE_INFOPLIST_FILE = NO;
				INFOPLIST_FILE = PocketChefAI/Info.plist;
				IPHONEOS_DEPLOYMENT_TARGET = 17.0;
				LD_RUNPATH_SEARCH_PATHS = (
					"$(inherited)",
					"@executable_path/Frameworks",
				);
				MARKETING_VERSION = 1.0;
				PRODUCT_BUNDLE_IDENTIFIER = com.allen.PocketChefAI;
				PRODUCT_NAME = "$(TARGET_NAME)";
				SUPPORTED_PLATFORMS = "iphoneos iphonesimulator";
				SUPPORTS_MACCATALYST = NO;
				SWIFT_EMIT_LOC_STRINGS = YES;
				SWIFT_VERSION = 6.0;
				TARGETED_DEVICE_FAMILY = 1;
			};
			name = Debug;
		};
		100000000000000000000804 /* Release */ = {
			isa = XCBuildConfiguration;
			buildSettings = {
				ASSETCATALOG_COMPILER_APPICON_NAME = AppIcon;
				CODE_SIGN_STYLE = Automatic;
				CURRENT_PROJECT_VERSION = 1;
				DEVELOPMENT_ASSET_PATHS = "";
				DEVELOPMENT_TEAM = XLZ7JKVTL5;
				GENERATE_INFOPLIST_FILE = NO;
				INFOPLIST_FILE = PocketChefAI/Info.plist;
				IPHONEOS_DEPLOYMENT_TARGET = 17.0;
				LD_RUNPATH_SEARCH_PATHS = (
					"$(inherited)",
					"@executable_path/Frameworks",
				);
				MARKETING_VERSION = 1.0;
				PRODUCT_BUNDLE_IDENTIFIER = com.allen.PocketChefAI;
				PRODUCT_NAME = "$(TARGET_NAME)";
				SUPPORTED_PLATFORMS = "iphoneos iphonesimulator";
				SUPPORTS_MACCATALYST = NO;
				SWIFT_EMIT_LOC_STRINGS = YES;
				SWIFT_VERSION = 6.0;
				TARGETED_DEVICE_FAMILY = 1;
			};
			name = Release;
		};
/* End XCBuildConfiguration section */

/* Begin XCConfigurationList section */
		100000000000000000000700 /* Build configuration list for PBXProject "PocketChefAI" */ = {
			isa = XCConfigurationList;
			buildConfigurations = (
				100000000000000000000801 /* Debug */,
				100000000000000000000802 /* Release */,
			);
			defaultConfigurationIsVisible = 0;
			defaultConfigurationName = Release;
		};
		100000000000000000000701 /* Build configuration list for PBXNativeTarget "PocketChefAI" */ = {
			isa = XCConfigurationList;
			buildConfigurations = (
				100000000000000000000803 /* Debug */,
				100000000000000000000804 /* Release */,
			);
			defaultConfigurationIsVisible = 0;
			defaultConfigurationName = Release;
		};
/* End XCConfigurationList section */
	};
	rootObject = 100000000000000000000601 /* Project object */;
}
